
Microsoft Visual Studio Solution File, Format Version 12.00
# Visual Studio 15
VisualStudioVersion = 15.0.27703.2047
MinimumVisualStudioVersion = 10.0.40219.1
Project("{FAE04EC0-301F-11D3-BF4B-00C04F79EFBC}") = "LottoDraw", "LottoDraw\LottoDraw.csproj", "{4C90CC0F-DE9D-4B95-BDA9-0814FCB51622}"
EndProject
Global
	GlobalSection(SolutionConfigurationPlatforms) = preSolution
		Debug|Any CPU = Debug|Any CPU
		Release|Any CPU = Release|Any CPU
	EndGlobalSection
	GlobalSection(ProjectConfigurationPlatforms) = postSolution
		{4C90CC0F-DE9D-4B95-BDA9-0814FCB51622}.Debug|Any CPU.ActiveCfg = Debug|Any CPU
		{4C90CC0F-DE9D-4B95-BDA9-0814FCB51622}.Debug|Any CPU.Build.0 = Debug|Any CPU
		{4C90CC0F-DE9D-4B95-BDA9-0814FCB51622}.Release|Any CPU.ActiveCfg = Release|Any CPU
		{4C90CC0F-DE9D-4B95-BDA9-0814FCB51622}.Release|Any CPU.Build.0 = Release|Any CPU
	EndGlobalSection
	GlobalSection(SolutionProperties) = preSolution
		HideSolutionNode = FALSE
	EndGlobalSection
	GlobalSection(ExtensibilityGlobals) = postSolution
		SolutionGuid = {42469D1B-58B2-4E29-8833-561A26D40812}
	EndGlobalSection
EndGlobal
